# THIS IS AN AUTOGENERATED FILE. DO NOT EDIT THIS FILE DIRECTLY.
# yarn lockfile v1


"@playwright/test@1.44.1":
  version "1.44.1"
  resolved "https://registry.yarnpkg.com/@playwright/test/-/test-1.44.1.tgz#cc874ec31342479ad99838040e99b5f604299bcb"
  integrity sha512-1hZ4TNvD5z9VuhNJ/walIjvMVvYkZKf71axoF/uiAqpntQJXpG64dlXhoDXE3OczPuTuvjf/M5KWFg5VAVUS3Q==
  dependencies:
    playwright "1.44.1"

"@types/node@^22.0.0":
  version "22.18.9"
  resolved "https://registry.yarnpkg.com/@types/node/-/node-22.18.9.tgz#5c55a22de88d7bbbb8e1e5f041fa0293b5beae82"
  integrity sha512-5yBtK0k/q8PjkMXbTfeIEP/XVYnz1R9qZJ3yUicdEW7ppdDJfe+MqXEhpqDL3mtn4Wvs1u0KLEG0RXzCgNpsSg==
  dependencies:
    undici-types "~6.21.0"

fsevents@2.3.2:
  version "2.3.2"
  resolved "https://registry.yarnpkg.com/fsevents/-/fsevents-2.3.2.tgz#8a526f78b8fdf4623b709e0b975c52c24c02fd1a"
  integrity sha512-xiqMQR4xAeHTuB9uWm+fFRcIOgKBMiOBP+eXiyT7jsgVCq1bkVygt00oASowB7EdtpOHaaPgKt812P9ab+DDKA==

playwright-core@1.44.1:
  version "1.44.1"
  resolved "https://registry.yarnpkg.com/playwright-core/-/playwright-core-1.44.1.tgz#53ec975503b763af6fc1a7aa995f34bc09ff447c"
  integrity sha512-wh0JWtYTrhv1+OSsLPgFzGzt67Y7BE/ZS3jEqgGBlp2ppp1ZDj8c+9IARNW4dwf1poq5MgHreEM2KV/GuR4cFA==

playwright@1.44.1:
  version "1.44.1"
  resolved "https://registry.yarnpkg.com/playwright/-/playwright-1.44.1.tgz#5634369d777111c1eea9180430b7a184028e7892"
  integrity sha512-qr/0UJ5CFAtloI3avF95Y0L1xQo6r3LQArLIg/z/PoGJ6xa+EwzrwO5lpNr/09STxdHuUoP2mvuELJS+hLdtgg==
  dependencies:
    playwright-core "1.44.1"
  optionalDependencies:
    fsevents "2.3.2"

undici-types@~6.21.0:
  version "6.21.0"
  resolved "https://registry.yarnpkg.com/undici-types/-/undici-types-6.21.0.tgz#691d00af3909be93a7faa13be61b3a5b50ef12cb"
  integrity sha512-iwDZqg0QAGrg9Rav5H4n0M64c3mkR59cJ6wQp+7C4nI0gsmExaedaYLNO44eT4AtBBwjbTiGPMlt2Md0T9H9JQ==
